
Microsoft Visual Studio Solution File, Format Version 12.00
# Visual Studio Version 17
VisualStudioVersion = 17.5.33627.172
MinimumVisualStudioVersion = 10.0.40219.1
Project("{FAE04EC0-301F-11D3-BF4B-00C04F79EFBC}") = "Calculator", "Calculator\Calculator.csproj", "{464BE21F-38C3-4B11-B825-7A97DEADDBD6}"
EndProject
Project("{FAE04EC0-301F-11D3-BF4B-00C04F79EFBC}") = "CalculatorTests", "CalculatorTests\CalculatorTests.csproj", "{58022BDA-6E29-4185-B2B3-4DB163FFCA52}"
EndProject
Global
	GlobalSection(SolutionConfigurationPlatforms) = preSolution
		Debug|Any CPU = Debug|Any CPU
		Release|Any CPU = Release|Any CPU
	EndGlobalSection
	GlobalSection(ProjectConfigurationPlatforms) = postSolution
		{464BE21F-38C3-4B11-B825-7A97DEADDBD6}.Debug|Any CPU.ActiveCfg = Debug|Any CPU
		{464BE21F-38C3-4B11-B825-7A97DEADDBD6}.Debug|Any CPU.Build.0 = Debug|Any CPU
		{464BE21F-38C3-4B11-B825-7A97DEADDBD6}.Release|Any CPU.ActiveCfg = Release|Any CPU
		{464BE21F-38C3-4B11-B825-7A97DEADDBD6}.Release|Any CPU.Build.0 = Release|Any CPU
		{58022BDA-6E29-4185-B2B3-4DB163FFCA52}.Debug|Any CPU.ActiveCfg = Debug|Any CPU
		{58022BDA-6E29-4185-B2B3-4DB163FFCA52}.Debug|Any CPU.Build.0 = Debug|Any CPU
		{58022BDA-6E29-4185-B2B3-4DB163FFCA52}.Release|Any CPU.ActiveCfg = Release|Any CPU
		{58022BDA-6E29-4185-B2B3-4DB163FFCA52}.Release|Any CPU.Build.0 = Release|Any CPU
	EndGlobalSection
	GlobalSection(SolutionProperties) = preSolution
		HideSolutionNode = FALSE
	EndGlobalSection
	GlobalSection(ExtensibilityGlobals) = postSolution
		SolutionGuid = {3FF4DD60-FE49-4997-BC0A-499CC6D5426E}
	EndGlobalSection
EndGlobal
